
Microsoft Visual Studio Solution File, Format Version 11.00
# Visual Studio 2010
Project("{FAE04EC0-301F-11D3-BF4B-00C04F79EFBC}") = "Cronkpit 1.2", "Cronkpit 1.2\Cronkpit 1.2\Cronkpit 1.2.csproj", "{9777C32B-B4F1-426D-AD71-BB350470B5CA}"
EndProject
Project("{96E2B04D-8817-42C6-938A-82C39BA4D311}") = "Cronkpit 1.2Content", "Cronkpit 1.2\Cronkpit 1.2Content\Cronkpit 1.2Content.contentproj", "{2E95B1D3-C6AC-490F-81BC-17D28BD5446C}"
EndProject
Global
	GlobalSection(SolutionConfigurationPlatforms) = preSolution
		Debug|x86 = Debug|x86
		Release|x86 = Release|x86
	EndGlobalSection
	GlobalSection(ProjectConfigurationPlatforms) = postSolution
		{9777C32B-B4F1-426D-AD71-BB350470B5CA}.Debug|x86.ActiveCfg = Release|x86
		{9777C32B-B4F1-426D-AD71-BB350470B5CA}.Debug|x86.Build.0 = Release|x86
		{9777C32B-B4F1-426D-AD71-BB350470B5CA}.Release|x86.ActiveCfg = Release|x86
		{9777C32B-B4F1-426D-AD71-BB350470B5CA}.Release|x86.Build.0 = Release|x86
		{2E95B1D3-C6AC-490F-81BC-17D28BD5446C}.Debug|x86.ActiveCfg = Debug|x86
		{2E95B1D3-C6AC-490F-81BC-17D28BD5446C}.Release|x86.ActiveCfg = Release|x86
	EndGlobalSection
	GlobalSection(SolutionProperties) = preSolution
		HideSolutionNode = FALSE
	EndGlobalSection
EndGlobal
